
Microsoft Visual Studio Solution File, Format Version 12.00
# Visual Studio Version 17
VisualStudioVersion = 17.14.36518.9 d17.14
MinimumVisualStudioVersion = 10.0.40219.1
Project("{2150E333-8FDC-42A3-9474-1A3956D46DE8}") = "Task0", "Task0", "{02EA681E-C7D8-13C7-8484-4AC65E1B71E8}"
EndProject
Project("{FAE04EC0-301F-11D3-BF4B-00C04F79EFBC}") = "Tyiuiu.ShevchenokSE.Sprint0.Task0.V0", "Tyiuiu.ShevchenokSE.Sprint0.Task0.V0\Tyiuiu.ShevchenokSE.Sprint0.Task0.V0.csproj", "{7A7C3C78-1003-44C9-A366-A0F4A4B6F8DD}"
EndProject
Global
	GlobalSection(SolutionConfigurationPlatforms) = preSolution
		Debug|Any CPU = Debug|Any CPU
		Release|Any CPU = Release|Any CPU
	EndGlobalSection
	GlobalSection(ProjectConfigurationPlatforms) = postSolution
		{7A7C3C78-1003-44C9-A366-A0F4A4B6F8DD}.Debug|Any CPU.ActiveCfg = Debug|Any CPU
		{7A7C3C78-1003-44C9-A366-A0F4A4B6F8DD}.Debug|Any CPU.Build.0 = Debug|Any CPU
		{7A7C3C78-1003-44C9-A366-A0F4A4B6F8DD}.Release|Any CPU.ActiveCfg = Release|Any CPU
		{7A7C3C78-1003-44C9-A366-A0F4A4B6F8DD}.Release|Any CPU.Build.0 = Release|Any CPU
	EndGlobalSection
	GlobalSection(SolutionProperties) = preSolution
		HideSolutionNode = FALSE
	EndGlobalSection
	GlobalSection(NestedProjects) = preSolution
		{7A7C3C78-1003-44C9-A366-A0F4A4B6F8DD} = {02EA681E-C7D8-13C7-8484-4AC65E1B71E8}
	EndGlobalSection
	GlobalSection(ExtensibilityGlobals) = postSolution
		SolutionGuid = {9967D56A-2E16-46D7-92AF-76C207888FAE}
	EndGlobalSection
EndGlobal
