
Microsoft Visual Studio Solution File, Format Version 12.00
# Visual Studio Version 17
VisualStudioVersion = 17.14.36518.9
MinimumVisualStudioVersion = 10.0.40219.1
Project("{2150E333-8FDC-42A3-9474-1A3956D46DE8}") = "Task0", "Task0", "{02EA681E-C7D8-13C7-8484-4AC65E1B71E8}"
EndProject
Project("{FAE04EC0-301F-11D3-BF4B-00C04F79EFBC}") = "Tyuiu.ShevchenokSE.Sprint0.Task0.V0", "Tyiuiu.ShevchenokSE.Sprint0.Task0.V0\Tyuiu.ShevchenokSE.Sprint0.Task0.V0.csproj", "{7A7C3C78-1003-44C9-A366-A0F4A4B6F8DD}"
EndProject
Project("{2150E333-8FDC-42A3-9474-1A3956D46DE8}") = "task1", "task1", "{E9557263-15DD-446D-B08B-910994B1BB4A}"
EndProject
Project("{FAE04EC0-301F-11D3-BF4B-00C04F79EFBC}") = "Tyuiu.ShevchenokSE.Sprint1.Task1.V0", "Tyuiu.ShevchenokSE.Sprint1.Task1\Tyuiu.ShevchenokSE.Sprint1.Task1.V0.csproj", "{2F60FE27-4991-4264-A8AB-A7800A16E039}"
EndProject
Project("{2150E333-8FDC-42A3-9474-1A3956D46DE8}") = "Task2", "Task2", "{CF201828-5DC9-4EC0-9B02-D05C0C466862}"
EndProject
Project("{FAE04EC0-301F-11D3-BF4B-00C04F79EFBC}") = "Tyuiu.ShevchenokSE.Sprint0.Task2.V0", "Tyuiu.ShevchenokSE.Sprint0.Task2.V0\Tyuiu.ShevchenokSE.Sprint0.Task2.V0.csproj", "{11F7830D-FCE9-46CC-BCF1-2EDF256F8392}"
EndProject
Project("{FAE04EC0-301F-11D3-BF4B-00C04F79EFBC}") = "Tyuiu.ShevchenokSE.Sprint0.Task2.V0.Lib", "Tyuiu.ShevchenokSE.Sprint0.Task2.V0.Lib\Tyuiu.ShevchenokSE.Sprint0.Task2.V0.Lib.csproj", "{FBFC9BEC-F298-431E-9FCD-03640DA17468}"
EndProject
Project("{FAE04EC0-301F-11D3-BF4B-00C04F79EFBC}") = "Tyuiu.ShevchenokSE.Sprint0.Task2.V0.Test", "Tyuiu.ShevchenokSE.Sprint0.Task2.V0.Test\Tyuiu.ShevchenokSE.Sprint0.Task2.V0.Test.csproj", "{F5AE8A3B-D533-40E5-9304-EE20CD8A86AE}"
EndProject
Project("{2150E333-8FDC-42A3-9474-1A3956D46DE8}") = "Task3", "Task3", "{4FEEC177-FD81-4DE3-9E7E-5E5B389B24EB}"
EndProject
Project("{FAE04EC0-301F-11D3-BF4B-00C04F79EFBC}") = "Tyuiu.ShevchenokSE.Sprint0.Task3.V0", "Tyuiu.ShevchenokSE.Sprint0.Task3.V0\Tyuiu.ShevchenokSE.Sprint0.Task3.V0.csproj", "{9B15F441-D85A-4855-9DBB-3CFB3CE90BAC}"
EndProject
Project("{FAE04EC0-301F-11D3-BF4B-00C04F79EFBC}") = "Tyuiu.ShevchenokSE.Sprint0.Task3.V0.Test", "Tyuiu.ShevchenokSE.Sprint0.Task3.V0.Test\Tyuiu.ShevchenokSE.Sprint0.Task3.V0.Test.csproj", "{2FC9E580-B36A-4BD5-AEA1-879FA7E512C0}"
EndProject
Project("{FAE04EC0-301F-11D3-BF4B-00C04F79EFBC}") = "Tyuiu.ShevchenokSE.Sprint0.Task3.V0.Lib", "Tyuiu.ShevchenokSE.Sprint0.Task3.V0.Lib\Tyuiu.ShevchenokSE.Sprint0.Task3.V0.Lib.csproj", "{1845652E-039E-47FC-99B3-8DA1FF095243}"
EndProject
Global
	GlobalSection(SolutionConfigurationPlatforms) = preSolution
		Debug|Any CPU = Debug|Any CPU
		Release|Any CPU = Release|Any CPU
	EndGlobalSection
	GlobalSection(ProjectConfigurationPlatforms) = postSolution
		{7A7C3C78-1003-44C9-A366-A0F4A4B6F8DD}.Debug|Any CPU.ActiveCfg = Debug|Any CPU
		{7A7C3C78-1003-44C9-A366-A0F4A4B6F8DD}.Debug|Any CPU.Build.0 = Debug|Any CPU
		{7A7C3C78-1003-44C9-A366-A0F4A4B6F8DD}.Release|Any CPU.ActiveCfg = Release|Any CPU
		{7A7C3C78-1003-44C9-A366-A0F4A4B6F8DD}.Release|Any CPU.Build.0 = Release|Any CPU
		{2F60FE27-4991-4264-A8AB-A7800A16E039}.Debug|Any CPU.ActiveCfg = Debug|Any CPU
		{2F60FE27-4991-4264-A8AB-A7800A16E039}.Debug|Any CPU.Build.0 = Debug|Any CPU
		{2F60FE27-4991-4264-A8AB-A7800A16E039}.Release|Any CPU.ActiveCfg = Release|Any CPU
		{2F60FE27-4991-4264-A8AB-A7800A16E039}.Release|Any CPU.Build.0 = Release|Any CPU
		{11F7830D-FCE9-46CC-BCF1-2EDF256F8392}.Debug|Any CPU.ActiveCfg = Debug|Any CPU
		{11F7830D-FCE9-46CC-BCF1-2EDF256F8392}.Debug|Any CPU.Build.0 = Debug|Any CPU
		{11F7830D-FCE9-46CC-BCF1-2EDF256F8392}.Release|Any CPU.ActiveCfg = Release|Any CPU
		{11F7830D-FCE9-46CC-BCF1-2EDF256F8392}.Release|Any CPU.Build.0 = Release|Any CPU
		{FBFC9BEC-F298-431E-9FCD-03640DA17468}.Debug|Any CPU.ActiveCfg = Debug|Any CPU
		{FBFC9BEC-F298-431E-9FCD-03640DA17468}.Debug|Any CPU.Build.0 = Debug|Any CPU
		{FBFC9BEC-F298-431E-9FCD-03640DA17468}.Release|Any CPU.ActiveCfg = Release|Any CPU
		{FBFC9BEC-F298-431E-9FCD-03640DA17468}.Release|Any CPU.Build.0 = Release|Any CPU
		{F5AE8A3B-D533-40E5-9304-EE20CD8A86AE}.Debug|Any CPU.ActiveCfg = Debug|Any CPU
		{F5AE8A3B-D533-40E5-9304-EE20CD8A86AE}.Debug|Any CPU.Build.0 = Debug|Any CPU
		{F5AE8A3B-D533-40E5-9304-EE20CD8A86AE}.Release|Any CPU.ActiveCfg = Release|Any CPU
		{F5AE8A3B-D533-40E5-9304-EE20CD8A86AE}.Release|Any CPU.Build.0 = Release|Any CPU
		{9B15F441-D85A-4855-9DBB-3CFB3CE90BAC}.Debug|Any CPU.ActiveCfg = Debug|Any CPU
		{9B15F441-D85A-4855-9DBB-3CFB3CE90BAC}.Debug|Any CPU.Build.0 = Debug|Any CPU
		{9B15F441-D85A-4855-9DBB-3CFB3CE90BAC}.Release|Any CPU.ActiveCfg = Release|Any CPU
		{9B15F441-D85A-4855-9DBB-3CFB3CE90BAC}.Release|Any CPU.Build.0 = Release|Any CPU
		{2FC9E580-B36A-4BD5-AEA1-879FA7E512C0}.Debug|Any CPU.ActiveCfg = Debug|Any CPU
		{2FC9E580-B36A-4BD5-AEA1-879FA7E512C0}.Debug|Any CPU.Build.0 = Debug|Any CPU
		{2FC9E580-B36A-4BD5-AEA1-879FA7E512C0}.Release|Any CPU.ActiveCfg = Release|Any CPU
		{2FC9E580-B36A-4BD5-AEA1-879FA7E512C0}.Release|Any CPU.Build.0 = Release|Any CPU
		{1845652E-039E-47FC-99B3-8DA1FF095243}.Debug|Any CPU.ActiveCfg = Debug|Any CPU
		{1845652E-039E-47FC-99B3-8DA1FF095243}.Debug|Any CPU.Build.0 = Debug|Any CPU
		{1845652E-039E-47FC-99B3-8DA1FF095243}.Release|Any CPU.ActiveCfg = Release|Any CPU
		{1845652E-039E-47FC-99B3-8DA1FF095243}.Release|Any CPU.Build.0 = Release|Any CPU
	EndGlobalSection
	GlobalSection(SolutionProperties) = preSolution
		HideSolutionNode = FALSE
	EndGlobalSection
	GlobalSection(NestedProjects) = preSolution
		{7A7C3C78-1003-44C9-A366-A0F4A4B6F8DD} = {02EA681E-C7D8-13C7-8484-4AC65E1B71E8}
		{2F60FE27-4991-4264-A8AB-A7800A16E039} = {E9557263-15DD-446D-B08B-910994B1BB4A}
		{11F7830D-FCE9-46CC-BCF1-2EDF256F8392} = {CF201828-5DC9-4EC0-9B02-D05C0C466862}
		{FBFC9BEC-F298-431E-9FCD-03640DA17468} = {CF201828-5DC9-4EC0-9B02-D05C0C466862}
		{F5AE8A3B-D533-40E5-9304-EE20CD8A86AE} = {CF201828-5DC9-4EC0-9B02-D05C0C466862}
		{9B15F441-D85A-4855-9DBB-3CFB3CE90BAC} = {4FEEC177-FD81-4DE3-9E7E-5E5B389B24EB}
		{2FC9E580-B36A-4BD5-AEA1-879FA7E512C0} = {4FEEC177-FD81-4DE3-9E7E-5E5B389B24EB}
		{1845652E-039E-47FC-99B3-8DA1FF095243} = {4FEEC177-FD81-4DE3-9E7E-5E5B389B24EB}
	EndGlobalSection
	GlobalSection(ExtensibilityGlobals) = postSolution
		SolutionGuid = {9967D56A-2E16-46D7-92AF-76C207888FAE}
	EndGlobalSection
EndGlobal
